// !$*UTF8*$!
{
	archiveVersion = 1;
	classes = {
	};
	objectVersion = 52;
	objects = {

/* Begin PBXBuildFile section */
		BA3F9D3B2576F3FB00818C9E /* MoviesLandingView.swift in Sources */ = {isa = PBXBuildFile; fileRef = BA3F9D3A2576F3FB00818C9E /* MoviesLandingView.swift */; };
		BA78AE9D2576716100DA6964 /* TheMovieDatabaseApp.swift in Sources */ = {isa = PBXBuildFile; fileRef = BA78AE9C2576716100DA6964 /* TheMovieDatabaseApp.swift */; };
		BA78AEA12576716300DA6964 /* Assets.xcassets in Resources */ = {isa = PBXBuildFile; fileRef = BA78AEA02576716300DA6964 /* Assets.xcassets */; };
		BA78AEA42576716300DA6964 /* Preview Assets.xcassets in Resources */ = {isa = PBXBuildFile; fileRef = BA78AEA32576716300DA6964 /* Preview Assets.xcassets */; };
		BA78AECF2576A81700DA6964 /* ApiClient.swift in Sources */ = {isa = PBXBuildFile; fileRef = BA78AECE2576A81700DA6964 /* ApiClient.swift */; };
		BA78AED22576A86700DA6964 /* MoviesService.swift in Sources */ = {isa = PBXBuildFile; fileRef = BA78AED12576A86700DA6964 /* MoviesService.swift */; };
		BA78AEDA2576A8D700DA6964 /* Movie.swift in Sources */ = {isa = PBXBuildFile; fileRef = BA78AED92576A8D700DA6964 /* Movie.swift */; };
		BA78AEDE2576A92900DA6964 /* MoviesView.swift in Sources */ = {isa = PBXBuildFile; fileRef = BA78AEDD2576A92900DA6964 /* MoviesView.swift */; };
		BA78AEE22576A9AE00DA6964 /* MoviesViewModel.swift in Sources */ = {isa = PBXBuildFile; fileRef = BA78AEE12576A9AE00DA6964 /* MoviesViewModel.swift */; };
		BA78AEE72576AFD100DA6964 /* SDWebImageSwiftUI in Frameworks */ = {isa = PBXBuildFile; productRef = BA78AEE62576AFD100DA6964 /* SDWebImageSwiftUI */; };
		BA8685B12577C0E100E83FB5 /* TVLandingView.swift in Sources */ = {isa = PBXBuildFile; fileRef = BA8685B02577C0E100E83FB5 /* TVLandingView.swift */; };
		BA8685B72577C29D00E83FB5 /* TVService.swift in Sources */ = {isa = PBXBuildFile; fileRef = BA8685B62577C29D00E83FB5 /* TVService.swift */; };
		BA8685BA2577C44C00E83FB5 /* TVShow.swift in Sources */ = {isa = PBXBuildFile; fileRef = BA8685B92577C44C00E83FB5 /* TVShow.swift */; };
		BA8685BF2577C5FA00E83FB5 /* ShowInfoView.swift in Sources */ = {isa = PBXBuildFile; fileRef = BA8685BE2577C5FA00E83FB5 /* ShowInfoView.swift */; };
		BA8685C22577C61700E83FB5 /* ShowInfoViewModel.swift in Sources */ = {isa = PBXBuildFile; fileRef = BA8685C12577C61700E83FB5 /* ShowInfoViewModel.swift */; };
		BA8685C52577C6A900E83FB5 /* ShowsView.swift in Sources */ = {isa = PBXBuildFile; fileRef = BA8685C42577C6A900E83FB5 /* ShowsView.swift */; };
		BA8685C82577C6C100E83FB5 /* ShowsViewModel.swift in Sources */ = {isa = PBXBuildFile; fileRef = BA8685C72577C6C100E83FB5 /* ShowsViewModel.swift */; };
		BA8685CB2577C77000E83FB5 /* ShowsOverview.swift in Sources */ = {isa = PBXBuildFile; fileRef = BA8685CA2577C77000E83FB5 /* ShowsOverview.swift */; };
		BA8685CE2577C7B000E83FB5 /* ShowCard.swift in Sources */ = {isa = PBXBuildFile; fileRef = BA8685CD2577C7B000E83FB5 /* ShowCard.swift */; };
		BABADF3325778ED100FAB7FB /* MovieInfoView.swift in Sources */ = {isa = PBXBuildFile; fileRef = BABADF3225778ED100FAB7FB /* MovieInfoView.swift */; };
		BABADF38257795B800FAB7FB /* MoviesOverview.swift in Sources */ = {isa = PBXBuildFile; fileRef = BABADF37257795B800FAB7FB /* MoviesOverview.swift */; };
		BABADF3B2577977F00FAB7FB /* MovieCard.swift in Sources */ = {isa = PBXBuildFile; fileRef = BABADF3A2577977F00FAB7FB /* MovieCard.swift */; };
		BABADF4025779A1400FAB7FB /* MovieInfoViewModel.swift in Sources */ = {isa = PBXBuildFile; fileRef = BABADF3F25779A1400FAB7FB /* MovieInfoViewModel.swift */; };
/* End PBXBuildFile section */

/* Begin PBXFileReference section */
		BA3F9D3A2576F3FB00818C9E /* MoviesLandingView.swift */ = {isa = PBXFileReference; lastKnownFileType = sourcecode.swift; path = MoviesLandingView.swift; sourceTree = "<group>"; };
		BA78AE992576716100DA6964 /* TheMovieDatabase.app */ = {isa = PBXFileReference; explicitFileType = wrapper.application; includeInIndex = 0; path = TheMovieDatabase.app; sourceTree = BUILT_PRODUCTS_DIR; };
		BA78AE9C2576716100DA6964 /* TheMovieDatabaseApp.swift */ = {isa = PBXFileReference; lastKnownFileType = sourcecode.swift; path = TheMovieDatabaseApp.swift; sourceTree = "<group>"; };
		BA78AEA02576716300DA6964 /* Assets.xcassets */ = {isa = PBXFileReference; lastKnownFileType = folder.assetcatalog; path = Assets.xcassets; sourceTree = "<group>"; };
		BA78AEA32576716300DA6964 /* Preview Assets.xcassets */ = {isa = PBXFileReference; lastKnownFileType = folder.assetcatalog; path = "Preview Assets.xcassets"; sourceTree = "<group>"; };
		BA78AEA52576716300DA6964 /* Info.plist */ = {isa = PBXFileReference; lastKnownFileType = text.plist.xml; path = Info.plist; sourceTree = "<group>"; };
		BA78AECE2576A81700DA6964 /* ApiClient.swift */ = {isa = PBXFileReference; lastKnownFileType = sourcecode.swift; path = ApiClient.swift; sourceTree = "<group>"; };
		BA78AED12576A86700DA6964 /* MoviesService.swift */ = {isa = PBXFileReference; lastKnownFileType = sourcecode.swift; path = MoviesService.swift; sourceTree = "<group>"; };
		BA78AED92576A8D700DA6964 /* Movie.swift */ = {isa = PBXFileReference; lastKnownFileType = sourcecode.swift; path = Movie.swift; sourceTree = "<group>"; };
		BA78AEDD2576A92900DA6964 /* MoviesView.swift */ = {isa = PBXFileReference; lastKnownFileType = sourcecode.swift; path = MoviesView.swift; sourceTree = "<group>"; };
		BA78AEE12576A9AE00DA6964 /* MoviesViewModel.swift */ = {isa = PBXFileReference; lastKnownFileType = sourcecode.swift; path = MoviesViewModel.swift; sourceTree = "<group>"; };
		BA8685B02577C0E100E83FB5 /* TVLandingView.swift */ = {isa = PBXFileReference; lastKnownFileType = sourcecode.swift; path = TVLandingView.swift; sourceTree = "<group>"; };
		BA8685B62577C29D00E83FB5 /* TVService.swift */ = {isa = PBXFileReference; lastKnownFileType = sourcecode.swift; path = TVService.swift; sourceTree = "<group>"; };
		BA8685B92577C44C00E83FB5 /* TVShow.swift */ = {isa = PBXFileReference; lastKnownFileType = sourcecode.swift; path = TVShow.swift; sourceTree = "<group>"; };
		BA8685BE2577C5FA00E83FB5 /* ShowInfoView.swift */ = {isa = PBXFileReference; lastKnownFileType = sourcecode.swift; path = ShowInfoView.swift; sourceTree = "<group>"; };
		BA8685C12577C61700E83FB5 /* ShowInfoViewModel.swift */ = {isa = PBXFileReference; lastKnownFileType = sourcecode.swift; path = ShowInfoViewModel.swift; sourceTree = "<group>"; };
		BA8685C42577C6A900E83FB5 /* ShowsView.swift */ = {isa = PBXFileReference; lastKnownFileType = sourcecode.swift; path = ShowsView.swift; sourceTree = "<group>"; };
		BA8685C72577C6C100E83FB5 /* ShowsViewModel.swift */ = {isa = PBXFileReference; lastKnownFileType = sourcecode.swift; path = ShowsViewModel.swift; sourceTree = "<group>"; };
		BA8685CA2577C77000E83FB5 /* ShowsOverview.swift */ = {isa = PBXFileReference; lastKnownFileType = sourcecode.swift; path = ShowsOverview.swift; sourceTree = "<group>"; };
		BA8685CD2577C7B000E83FB5 /* ShowCard.swift */ = {isa = PBXFileReference; lastKnownFileType = sourcecode.swift; path = ShowCard.swift; sourceTree = "<group>"; };
		BABADF3225778ED100FAB7FB /* MovieInfoView.swift */ = {isa = PBXFileReference; lastKnownFileType = sourcecode.swift; path = MovieInfoView.swift; sourceTree = "<group>"; };
		BABADF37257795B800FAB7FB /* MoviesOverview.swift */ = {isa = PBXFileReference; lastKnownFileType = sourcecode.swift; path = MoviesOverview.swift; sourceTree = "<group>"; };
		BABADF3A2577977F00FAB7FB /* MovieCard.swift */ = {isa = PBXFileReference; lastKnownFileType = sourcecode.swift; path = MovieCard.swift; sourceTree = "<group>"; };
		BABADF3F25779A1400FAB7FB /* MovieInfoViewModel.swift */ = {isa = PBXFileReference; lastKnownFileType = sourcecode.swift; path = MovieInfoViewModel.swift; sourceTree = "<group>"; };
		BABADF422577A2E100FAB7FB /* TheMovieDatabase.entitlements */ = {isa = PBXFileReference; lastKnownFileType = text.plist.entitlements; path = TheMovieDatabase.entitlements; sourceTree = "<group>"; };
/* End PBXFileReference section */

/* Begin PBXFrameworksBuildPhase section */
		BA78AE962576716100DA6964 /* Frameworks */ = {
			isa = PBXFrameworksBuildPhase;
			buildActionMask = 2147483647;
			files = (
				BA78AEE72576AFD100DA6964 /* SDWebImageSwiftUI in Frameworks */,
			);
			runOnlyForDeploymentPostprocessing = 0;
		};
/* End PBXFrameworksBuildPhase section */

/* Begin PBXGroup section */
		BA3F9D3D2576F45500818C9E /* MoviesList */ = {
			isa = PBXGroup;
			children = (
				BA78AEDD2576A92900DA6964 /* MoviesView.swift */,
				BABADF37257795B800FAB7FB /* MoviesOverview.swift */,
				BA78AEE12576A9AE00DA6964 /* MoviesViewModel.swift */,
				BABADF3A2577977F00FAB7FB /* MovieCard.swift */,
			);
			path = MoviesList;
			sourceTree = "<group>";
		};
		BA78AE902576716100DA6964 = {
			isa = PBXGroup;
			children = (
				BA78AE9B2576716100DA6964 /* TheMovieDatabase */,
				BA78AE9A2576716100DA6964 /* Products */,
			);
			sourceTree = "<group>";
		};
		BA78AE9A2576716100DA6964 /* Products */ = {
			isa = PBXGroup;
			children = (
				BA78AE992576716100DA6964 /* TheMovieDatabase.app */,
			);
			name = Products;
			sourceTree = "<group>";
		};
		BA78AE9B2576716100DA6964 /* TheMovieDatabase */ = {
			isa = PBXGroup;
			children = (
				BA78AED42576A89100DA6964 /* Source */,
				BA78AEC2257686A300DA6964 /* Resources */,
			);
			path = TheMovieDatabase;
			sourceTree = "<group>";
		};
		BA78AEA22576716300DA6964 /* Preview Content */ = {
			isa = PBXGroup;
			children = (
				BA78AEA32576716300DA6964 /* Preview Assets.xcassets */,
			);
			path = "Preview Content";
			sourceTree = "<group>";
		};
		BA78AEC2257686A300DA6964 /* Resources */ = {
			isa = PBXGroup;
			children = (
				BABADF422577A2E100FAB7FB /* TheMovieDatabase.entitlements */,
				BA78AEA22576716300DA6964 /* Preview Content */,
				BA78AEA02576716300DA6964 /* Assets.xcassets */,
				BA78AEA52576716300DA6964 /* Info.plist */,
			);
			path = Resources;
			sourceTree = "<group>";
		};
		BA78AEC32576870300DA6964 /* Root */ = {
			isa = PBXGroup;
			children = (
				BA78AE9C2576716100DA6964 /* TheMovieDatabaseApp.swift */,
			);
			path = Root;
			sourceTree = "<group>";
		};
		BA78AECD2576A80900DA6964 /* Networking */ = {
			isa = PBXGroup;
			children = (
				BA78AECE2576A81700DA6964 /* ApiClient.swift */,
				BA78AED12576A86700DA6964 /* MoviesService.swift */,
				BA8685B62577C29D00E83FB5 /* TVService.swift */,
			);
			path = Networking;
			sourceTree = "<group>";
		};
		BA78AED42576A89100DA6964 /* Source */ = {
			isa = PBXGroup;
			children = (
				BABADF3E257798F700FAB7FB /* Models */,
				BA78AECD2576A80900DA6964 /* Networking */,
				BA78AEC32576870300DA6964 /* Root */,
				BA78AED52576A89A00DA6964 /* Views */,
			);
			path = Source;
			sourceTree = "<group>";
		};
		BA78AED52576A89A00DA6964 /* Views */ = {
			isa = PBXGroup;
			children = (
				BA8685AE2577C0C100E83FB5 /* TV */,
				BA8685AD2577BF6300E83FB5 /* Movies */,
			);
			path = Views;
			sourceTree = "<group>";
		};
		BA8685AD2577BF6300E83FB5 /* Movies */ = {
			isa = PBXGroup;
			children = (
				BA3F9D3A2576F3FB00818C9E /* MoviesLandingView.swift */,
				BABADF3125778EC200FAB7FB /* MovieInfo */,
				BA3F9D3D2576F45500818C9E /* MoviesList */,
			);
			path = Movies;
			sourceTree = "<group>";
		};
		BA8685AE2577C0C100E83FB5 /* TV */ = {
			isa = PBXGroup;
			children = (
				BA8685B02577C0E100E83FB5 /* TVLandingView.swift */,
				BA8685BD2577C5CE00E83FB5 /* ShowInfo */,
				BA8685BC2577C5BF00E83FB5 /* ShowsList */,
			);
			path = TV;
			sourceTree = "<group>";
		};
		BA8685BC2577C5BF00E83FB5 /* ShowsList */ = {
			isa = PBXGroup;
			children = (
				BA8685C42577C6A900E83FB5 /* ShowsView.swift */,
				BA8685CA2577C77000E83FB5 /* ShowsOverview.swift */,
				BA8685C72577C6C100E83FB5 /* ShowsViewModel.swift */,
				BA8685CD2577C7B000E83FB5 /* ShowCard.swift */,
			);
			path = ShowsList;
			sourceTree = "<group>";
		};
		BA8685BD2577C5CE00E83FB5 /* ShowInfo */ = {
			isa = PBXGroup;
			children = (
				BA8685BE2577C5FA00E83FB5 /* ShowInfoView.swift */,
				BA8685C12577C61700E83FB5 /* ShowInfoViewModel.swift */,
			);
			path = ShowInfo;
			sourceTree = "<group>";
		};
		BABADF3125778EC200FAB7FB /* MovieInfo */ = {
			isa = PBXGroup;
			children = (
				BABADF3225778ED100FAB7FB /* MovieInfoView.swift */,
				BABADF3F25779A1400FAB7FB /* MovieInfoViewModel.swift */,
			);
			path = MovieInfo;
			sourceTree = "<group>";
		};
		BABADF3E257798F700FAB7FB /* Models */ = {
			isa = PBXGroup;
			children = (
				BA78AED92576A8D700DA6964 /* Movie.swift */,
				BA8685B92577C44C00E83FB5 /* TVShow.swift */,
			);
			path = Models;
			sourceTree = "<group>";
		};
/* End PBXGroup section */

/* Begin PBXNativeTarget section */
		BA78AE982576716100DA6964 /* TheMovieDatabase */ = {
			isa = PBXNativeTarget;
			buildConfigurationList = BA78AEA82576716300DA6964 /* Build configuration list for PBXNativeTarget "TheMovieDatabase" */;
			buildPhases = (
				BA78AE952576716100DA6964 /* Sources */,
				BA78AE962576716100DA6964 /* Frameworks */,
				BA78AE972576716100DA6964 /* Resources */,
			);
			buildRules = (
			);
			dependencies = (
			);
			name = TheMovieDatabase;
			packageProductDependencies = (
				BA78AEE62576AFD100DA6964 /* SDWebImageSwiftUI */,
			);
			productName = TheMovieDatabase;
			productReference = BA78AE992576716100DA6964 /* TheMovieDatabase.app */;
			productType = "com.apple.product-type.application";
		};
/* End PBXNativeTarget section */

/* Begin PBXProject section */
		BA78AE912576716100DA6964 /* Project object */ = {
			isa = PBXProject;
			attributes = {
				LastSwiftUpdateCheck = 1220;
				LastUpgradeCheck = 1220;
				TargetAttributes = {
					BA78AE982576716100DA6964 = {
						CreatedOnToolsVersion = 12.2;
					};
				};
			};
			buildConfigurationList = BA78AE942576716100DA6964 /* Build configuration list for PBXProject "TheMovieDatabase" */;
			compatibilityVersion = "Xcode 9.3";
			developmentRegion = en;
			hasScannedForEncodings = 0;
			knownRegions = (
				en,
				Base,
			);
			mainGroup = BA78AE902576716100DA6964;
			packageReferences = (
				BA78AEE52576AFD100DA6964 /* XCRemoteSwiftPackageReference "SDWebImageSwiftUI" */,
			);
			productRefGroup = BA78AE9A2576716100DA6964 /* Products */;
			projectDirPath = "";
			projectRoot = "";
			targets = (
				BA78AE982576716100DA6964 /* TheMovieDatabase */,
			);
		};
/* End PBXProject section */

/* Begin PBXResourcesBuildPhase section */
		BA78AE972576716100DA6964 /* Resources */ = {
			isa = PBXResourcesBuildPhase;
			buildActionMask = 2147483647;
			files = (
				BA78AEA42576716300DA6964 /* Preview Assets.xcassets in Resources */,
				BA78AEA12576716300DA6964 /* Assets.xcassets in Resources */,
			);
			runOnlyForDeploymentPostprocessing = 0;
		};
/* End PBXResourcesBuildPhase section */

/* Begin PBXSourcesBuildPhase section */
		BA78AE952576716100DA6964 /* Sources */ = {
			isa = PBXSourcesBuildPhase;
			buildActionMask = 2147483647;
			files = (
				BA8685B12577C0E100E83FB5 /* TVLandingView.swift in Sources */,
				BA8685B72577C29D00E83FB5 /* TVService.swift in Sources */,
				BA78AEDE2576A92900DA6964 /* MoviesView.swift in Sources */,
				BABADF38257795B800FAB7FB /* MoviesOverview.swift in Sources */,
				BA78AE9D2576716100DA6964 /* TheMovieDatabaseApp.swift in Sources */,
				BABADF4025779A1400FAB7FB /* MovieInfoViewModel.swift in Sources */,
				BA8685CE2577C7B000E83FB5 /* ShowCard.swift in Sources */,
				BA3F9D3B2576F3FB00818C9E /* MoviesLandingView.swift in Sources */,
				BA78AECF2576A81700DA6964 /* ApiClient.swift in Sources */,
				BA78AED22576A86700DA6964 /* MoviesService.swift in Sources */,
				BA8685C52577C6A900E83FB5 /* ShowsView.swift in Sources */,
				BABADF3325778ED100FAB7FB /* MovieInfoView.swift in Sources */,
				BA8685C82577C6C100E83FB5 /* ShowsViewModel.swift in Sources */,
				BA8685BA2577C44C00E83FB5 /* TVShow.swift in Sources */,
				BA8685C22577C61700E83FB5 /* ShowInfoViewModel.swift in Sources */,
				BA8685BF2577C5FA00E83FB5 /* ShowInfoView.swift in Sources */,
				BA78AEDA2576A8D700DA6964 /* Movie.swift in Sources */,
				BABADF3B2577977F00FAB7FB /* MovieCard.swift in Sources */,
				BA8685CB2577C77000E83FB5 /* ShowsOverview.swift in Sources */,
				BA78AEE22576A9AE00DA6964 /* MoviesViewModel.swift in Sources */,
			);
			runOnlyForDeploymentPostprocessing = 0;
		};
/* End PBXSourcesBuildPhase section */

/* Begin XCBuildConfiguration section */
		BA78AEA62576716300DA6964 /* Debug */ = {
			isa = XCBuildConfiguration;
			buildSettings = {
				ALWAYS_SEARCH_USER_PATHS = NO;
				CLANG_ANALYZER_NONNULL = YES;
				CLANG_ANALYZER_NUMBER_OBJECT_CONVERSION = YES_AGGRESSIVE;
				CLANG_CXX_LANGUAGE_STANDARD = "gnu++14";
				CLANG_CXX_LIBRARY = "libc++";
				CLANG_ENABLE_MODULES = YES;
				CLANG_ENABLE_OBJC_ARC = YES;
				CLANG_ENABLE_OBJC_WEAK = YES;
				CLANG_WARN_BLOCK_CAPTURE_AUTORELEASING = YES;
				CLANG_WARN_BOOL_CONVERSION = YES;
				CLANG_WARN_COMMA = YES;
				CLANG_WARN_CONSTANT_CONVERSION = YES;
				CLANG_WARN_DEPRECATED_OBJC_IMPLEMENTATIONS = YES;
				CLANG_WARN_DIRECT_OBJC_ISA_USAGE = YES_ERROR;
				CLANG_WARN_DOCUMENTATION_COMMENTS = YES;
				CLANG_WARN_EMPTY_BODY = YES;
				CLANG_WARN_ENUM_CONVERSION = YES;
				CLANG_WARN_INFINITE_RECURSION = YES;
				CLANG_WARN_INT_CONVERSION = YES;
				CLANG_WARN_NON_LITERAL_NULL_CONVERSION = YES;
				CLANG_WARN_OBJC_IMPLICIT_RETAIN_SELF = YES;
				CLANG_WARN_OBJC_LITERAL_CONVERSION = YES;
				CLANG_WARN_OBJC_ROOT_CLASS = YES_ERROR;
				CLANG_WARN_QUOTED_INCLUDE_IN_FRAMEWORK_HEADER = YES;
				CLANG_WARN_RANGE_LOOP_ANALYSIS = YES;
				CLANG_WARN_STRICT_PROTOTYPES = YES;
				CLANG_WARN_SUSPICIOUS_MOVE = YES;
				CLANG_WARN_UNGUARDED_AVAILABILITY = YES_AGGRESSIVE;
				CLANG_WARN_UNREACHABLE_CODE = YES;
				CLANG_WARN__DUPLICATE_METHOD_MATCH = YES;
				COPY_PHASE_STRIP = NO;
				DEBUG_INFORMATION_FORMAT = dwarf;
				ENABLE_STRICT_OBJC_MSGSEND = YES;
				ENABLE_TESTABILITY = YES;
				GCC_C_LANGUAGE_STANDARD = gnu11;
				GCC_DYNAMIC_NO_PIC = NO;
				GCC_NO_COMMON_BLOCKS = YES;
				GCC_OPTIMIZATION_LEVEL = 0;
				GCC_PREPROCESSOR_DEFINITIONS = (
					"DEBUG=1",
					"$(inherited)",
				);
				GCC_WARN_64_TO_32_BIT_CONVERSION = YES;
				GCC_WARN_ABOUT_RETURN_TYPE = YES_ERROR;
				GCC_WARN_UNDECLARED_SELECTOR = YES;
				GCC_WARN_UNINITIALIZED_AUTOS = YES_AGGRESSIVE;
				GCC_WARN_UNUSED_FUNCTION = YES;
				GCC_WARN_UNUSED_VARIABLE = YES;
				IPHONEOS_DEPLOYMENT_TARGET = 14.2;
				MTL_ENABLE_DEBUG_INFO = INCLUDE_SOURCE;
				MTL_FAST_MATH = YES;
				ONLY_ACTIVE_ARCH = YES;
				SDKROOT = iphoneos;
				SWIFT_ACTIVE_COMPILATION_CONDITIONS = DEBUG;
				SWIFT_OPTIMIZATION_LEVEL = "-Onone";
			};
			name = Debug;
		};
		BA78AEA72576716300DA6964 /* Release */ = {
			isa = XCBuildConfiguration;
			buildSettings = {
				ALWAYS_SEARCH_USER_PATHS = NO;
				CLANG_ANALYZER_NONNULL = YES;
				CLANG_ANALYZER_NUMBER_OBJECT_CONVERSION = YES_AGGRESSIVE;
				CLANG_CXX_LANGUAGE_STANDARD = "gnu++14";
				CLANG_CXX_LIBRARY = "libc++";
				CLANG_ENABLE_MODULES = YES;
				CLANG_ENABLE_OBJC_ARC = YES;
				CLANG_ENABLE_OBJC_WEAK = YES;
				CLANG_WARN_BLOCK_CAPTURE_AUTORELEASING = YES;
				CLANG_WARN_BOOL_CONVERSION = YES;
				CLANG_WARN_COMMA = YES;
				CLANG_WARN_CONSTANT_CONVERSION = YES;
				CLANG_WARN_DEPRECATED_OBJC_IMPLEMENTATIONS = YES;
				CLANG_WARN_DIRECT_OBJC_ISA_USAGE = YES_ERROR;
				CLANG_WARN_DOCUMENTATION_COMMENTS = YES;
				CLANG_WARN_EMPTY_BODY = YES;
				CLANG_WARN_ENUM_CONVERSION = YES;
				CLANG_WARN_INFINITE_RECURSION = YES;
				CLANG_WARN_INT_CONVERSION = YES;
				CLANG_WARN_NON_LITERAL_NULL_CONVERSION = YES;
				CLANG_WARN_OBJC_IMPLICIT_RETAIN_SELF = YES;
				CLANG_WARN_OBJC_LITERAL_CONVERSION = YES;
				CLANG_WARN_OBJC_ROOT_CLASS = YES_ERROR;
				CLANG_WARN_QUOTED_INCLUDE_IN_FRAMEWORK_HEADER = YES;
				CLANG_WARN_RANGE_LOOP_ANALYSIS = YES;
				CLANG_WARN_STRICT_PROTOTYPES = YES;
				CLANG_WARN_SUSPICIOUS_MOVE = YES;
				CLANG_WARN_UNGUARDED_AVAILABILITY = YES_AGGRESSIVE;
				CLANG_WARN_UNREACHABLE_CODE = YES;
				CLANG_WARN__DUPLICATE_METHOD_MATCH = YES;
				COPY_PHASE_STRIP = NO;
				DEBUG_INFORMATION_FORMAT = "dwarf-with-dsym";
				ENABLE_NS_ASSERTIONS = NO;
				ENABLE_STRICT_OBJC_MSGSEND = YES;
				GCC_C_LANGUAGE_STANDARD = gnu11;
				GCC_NO_COMMON_BLOCKS = YES;
				GCC_WARN_64_TO_32_BIT_CONVERSION = YES;
				GCC_WARN_ABOUT_RETURN_TYPE = YES_ERROR;
				GCC_WARN_UNDECLARED_SELECTOR = YES;
				GCC_WARN_UNINITIALIZED_AUTOS = YES_AGGRESSIVE;
				GCC_WARN_UNUSED_FUNCTION = YES;
				GCC_WARN_UNUSED_VARIABLE = YES;
				IPHONEOS_DEPLOYMENT_TARGET = 14.2;
				MTL_ENABLE_DEBUG_INFO = NO;
				MTL_FAST_MATH = YES;
				SDKROOT = iphoneos;
				SWIFT_COMPILATION_MODE = wholemodule;
				SWIFT_OPTIMIZATION_LEVEL = "-O";
				VALIDATE_PRODUCT = YES;
			};
			name = Release;
		};
		BA78AEA92576716300DA6964 /* Debug */ = {
			isa = XCBuildConfiguration;
			buildSettings = {
				ASSETCATALOG_COMPILER_APPICON_NAME = AppIcon;
				ASSETCATALOG_COMPILER_GLOBAL_ACCENT_COLOR_NAME = AccentColor;
				CODE_SIGN_ENTITLEMENTS = TheMovieDatabase/Resources/TheMovieDatabase.entitlements;
				CODE_SIGN_STYLE = Automatic;
				DEVELOPMENT_ASSET_PATHS = "\"TheMovieDatabase/Resources/Preview Content\"";
				DEVELOPMENT_TEAM = JL84E9GK95;
				ENABLE_PREVIEWS = YES;
				INFOPLIST_FILE = TheMovieDatabase/Resources/Info.plist;
				IPHONEOS_DEPLOYMENT_TARGET = 14.0;
				LD_RUNPATH_SEARCH_PATHS = (
					"$(inherited)",
					"@executable_path/Frameworks",
				);
				PRODUCT_BUNDLE_IDENTIFIER = TMDB.TheMovieDatabase;
				PRODUCT_NAME = "$(TARGET_NAME)";
				SUPPORTS_MACCATALYST = YES;
				SWIFT_VERSION = 5.0;
				TARGETED_DEVICE_FAMILY = "1,2";
			};
			name = Debug;
		};
		BA78AEAA2576716300DA6964 /* Release */ = {
			isa = XCBuildConfiguration;
			buildSettings = {
				ASSETCATALOG_COMPILER_APPICON_NAME = AppIcon;
				ASSETCATALOG_COMPILER_GLOBAL_ACCENT_COLOR_NAME = AccentColor;
				CODE_SIGN_ENTITLEMENTS = TheMovieDatabase/Resources/TheMovieDatabase.entitlements;
				CODE_SIGN_STYLE = Automatic;
				DEVELOPMENT_ASSET_PATHS = "\"TheMovieDatabase/Resources/Preview Content\"";
				DEVELOPMENT_TEAM = JL84E9GK95;
				ENABLE_PREVIEWS = YES;
				INFOPLIST_FILE = TheMovieDatabase/Resources/Info.plist;
				IPHONEOS_DEPLOYMENT_TARGET = 14.0;
				LD_RUNPATH_SEARCH_PATHS = (
					"$(inherited)",
					"@executable_path/Frameworks",
				);
				PRODUCT_BUNDLE_IDENTIFIER = TMDB.TheMovieDatabase;
				PRODUCT_NAME = "$(TARGET_NAME)";
				SUPPORTS_MACCATALYST = YES;
				SWIFT_VERSION = 5.0;
				TARGETED_DEVICE_FAMILY = "1,2";
			};
			name = Release;
		};
/* End XCBuildConfiguration section */

/* Begin XCConfigurationList section */
		BA78AE942576716100DA6964 /* Build configuration list for PBXProject "TheMovieDatabase" */ = {
			isa = XCConfigurationList;
			buildConfigurations = (
				BA78AEA62576716300DA6964 /* Debug */,
				BA78AEA72576716300DA6964 /* Release */,
			);
			defaultConfigurationIsVisible = 0;
			defaultConfigurationName = Release;
		};
		BA78AEA82576716300DA6964 /* Build configuration list for PBXNativeTarget "TheMovieDatabase" */ = {
			isa = XCConfigurationList;
			buildConfigurations = (
				BA78AEA92576716300DA6964 /* Debug */,
				BA78AEAA2576716300DA6964 /* Release */,
			);
			defaultConfigurationIsVisible = 0;
			defaultConfigurationName = Release;
		};
/* End XCConfigurationList section */

/* Begin XCRemoteSwiftPackageReference section */
		BA78AEE52576AFD100DA6964 /* XCRemoteSwiftPackageReference "SDWebImageSwiftUI" */ = {
			isa = XCRemoteSwiftPackageReference;
			repositoryURL = "https://github.com/SDWebImage/SDWebImageSwiftUI";
			requirement = {
				kind = upToNextMajorVersion;
				minimumVersion = 1.5.0;
			};
		};
/* End XCRemoteSwiftPackageReference section */

/* Begin XCSwiftPackageProductDependency section */
		BA78AEE62576AFD100DA6964 /* SDWebImageSwiftUI */ = {
			isa = XCSwiftPackageProductDependency;
			package = BA78AEE52576AFD100DA6964 /* XCRemoteSwiftPackageReference "SDWebImageSwiftUI" */;
			productName = SDWebImageSwiftUI;
		};
/* End XCSwiftPackageProductDependency section */
	};
	rootObject = BA78AE912576716100DA6964 /* Project object */;
}
